
Microsoft Visual Studio Solution File, Format Version 11.00
# Visual Studio 2010
Project("{8BC9CEB8-8B4A-11D0-8D11-00A0C91BC942}") = "simpleTetris", "simpleTetris\simpleTetris.vcxproj", "{20BA4707-9C2C-44A0-B30E-0BCA9ED70ABA}"
EndProject
Global
	GlobalSection(SolutionConfigurationPlatforms) = preSolution
		Debug|Win32 = Debug|Win32
		Release|Win32 = Release|Win32
	EndGlobalSection
	GlobalSection(ProjectConfigurationPlatforms) = postSolution
		{20BA4707-9C2C-44A0-B30E-0BCA9ED70ABA}.Debug|Win32.ActiveCfg = Debug|Win32
		{20BA4707-9C2C-44A0-B30E-0BCA9ED70ABA}.Debug|Win32.Build.0 = Debug|Win32
		{20BA4707-9C2C-44A0-B30E-0BCA9ED70ABA}.Release|Win32.ActiveCfg = Release|Win32
		{20BA4707-9C2C-44A0-B30E-0BCA9ED70ABA}.Release|Win32.Build.0 = Release|Win32
	EndGlobalSection
	GlobalSection(SolutionProperties) = preSolution
		HideSolutionNode = FALSE
	EndGlobalSection
EndGlobal
